# THIS IS AN AUTOGENERATED FILE. DO NOT EDIT THIS FILE DIRECTLY.
# yarn lockfile v1


csv-reader@^1.0.7:
  version "1.0.7"
  resolved "https://registry.yarnpkg.com/csv-reader/-/csv-reader-1.0.7.tgz#6ad3a7dddc2e0025a75354515a3520e3952bb9ba"
  integrity sha512-sJ2kh1MPsYJ53r/yBdv+QvgGbigIaBYps1L2JcTe2Z/kX/Qs5Ciy/czgMTl1/qjvDK3tIPVNvwJlMDHQHDGJFw==
